
Microsoft Visual Studio Solution File, Format Version 12.00
# Visual Studio Version 17
VisualStudioVersion = 17.13.35931.197 d17.13
MinimumVisualStudioVersion = 10.0.40219.1
Project("{FAE04EC0-301F-11D3-BF4B-00C04F79EFBC}") = "AgriTrack2", "AgriTrack2\AgriTrack2.csproj", "{F799CADC-B9ED-470C-9680-F30AA8FD24CB}"
EndProject
Global
	GlobalSection(SolutionConfigurationPlatforms) = preSolution
		Debug|Any CPU = Debug|Any CPU
		Release|Any CPU = Release|Any CPU
	EndGlobalSection
	GlobalSection(ProjectConfigurationPlatforms) = postSolution
		{F799CADC-B9ED-470C-9680-F30AA8FD24CB}.Debug|Any CPU.ActiveCfg = Debug|Any CPU
		{F799CADC-B9ED-470C-9680-F30AA8FD24CB}.Debug|Any CPU.Build.0 = Debug|Any CPU
		{F799CADC-B9ED-470C-9680-F30AA8FD24CB}.Release|Any CPU.ActiveCfg = Release|Any CPU
		{F799CADC-B9ED-470C-9680-F30AA8FD24CB}.Release|Any CPU.Build.0 = Release|Any CPU
	EndGlobalSection
	GlobalSection(SolutionProperties) = preSolution
		HideSolutionNode = FALSE
	EndGlobalSection
	GlobalSection(ExtensibilityGlobals) = postSolution
		SolutionGuid = {87FCD92E-5849-4B54-BEA6-8DC7F5B062D0}
	EndGlobalSection
EndGlobal
